
Microsoft Visual Studio Solution File, Format Version 12.00
# Visual Studio Version 17
VisualStudioVersion = 17.2.32630.192
MinimumVisualStudioVersion = 10.0.40219.1
Project("{9A19103F-16F7-4668-BE54-9A1E7A4F7556}") = "KatharsisDreamProjectAPI", "KatharsisDreamProjectAPI\KatharsisDreamProjectAPI.csproj", "{72594C94-E27F-4E40-8479-C4A6A84BD484}"
EndProject
Project("{FAE04EC0-301F-11D3-BF4B-00C04F79EFBC}") = "KatharsisDream.Service", "KatharsisDream.Service\KatharsisDream.Service.csproj", "{DE1A0993-EE19-4E57-AEC6-ABD2E4E4D437}"
EndProject
Project("{FAE04EC0-301F-11D3-BF4B-00C04F79EFBC}") = "KatharsisDream.Repository", "KatharsisDream.Repository\KatharsisDream.Repository.csproj", "{63EEF7E3-E5D4-42D1-A168-5A99DCEC9720}"
EndProject
Global
	GlobalSection(SolutionConfigurationPlatforms) = preSolution
		Debug|Any CPU = Debug|Any CPU
		Release|Any CPU = Release|Any CPU
	EndGlobalSection
	GlobalSection(ProjectConfigurationPlatforms) = postSolution
		{72594C94-E27F-4E40-8479-C4A6A84BD484}.Debug|Any CPU.ActiveCfg = Debug|Any CPU
		{72594C94-E27F-4E40-8479-C4A6A84BD484}.Debug|Any CPU.Build.0 = Debug|Any CPU
		{72594C94-E27F-4E40-8479-C4A6A84BD484}.Release|Any CPU.ActiveCfg = Release|Any CPU
		{72594C94-E27F-4E40-8479-C4A6A84BD484}.Release|Any CPU.Build.0 = Release|Any CPU
		{DE1A0993-EE19-4E57-AEC6-ABD2E4E4D437}.Debug|Any CPU.ActiveCfg = Debug|Any CPU
		{DE1A0993-EE19-4E57-AEC6-ABD2E4E4D437}.Debug|Any CPU.Build.0 = Debug|Any CPU
		{DE1A0993-EE19-4E57-AEC6-ABD2E4E4D437}.Release|Any CPU.ActiveCfg = Release|Any CPU
		{DE1A0993-EE19-4E57-AEC6-ABD2E4E4D437}.Release|Any CPU.Build.0 = Release|Any CPU
		{63EEF7E3-E5D4-42D1-A168-5A99DCEC9720}.Debug|Any CPU.ActiveCfg = Debug|Any CPU
		{63EEF7E3-E5D4-42D1-A168-5A99DCEC9720}.Debug|Any CPU.Build.0 = Debug|Any CPU
		{63EEF7E3-E5D4-42D1-A168-5A99DCEC9720}.Release|Any CPU.ActiveCfg = Release|Any CPU
		{63EEF7E3-E5D4-42D1-A168-5A99DCEC9720}.Release|Any CPU.Build.0 = Release|Any CPU
	EndGlobalSection
	GlobalSection(SolutionProperties) = preSolution
		HideSolutionNode = FALSE
	EndGlobalSection
	GlobalSection(ExtensibilityGlobals) = postSolution
		SolutionGuid = {9EBB097E-67C9-4599-A7AE-47621452259A}
	EndGlobalSection
EndGlobal
